
Microsoft Visual Studio Solution File, Format Version 12.00
# Visual Studio Version 17
VisualStudioVersion = 17.7.34031.279
MinimumVisualStudioVersion = 10.0.40219.1
Project("{8BC9CEB8-8B4A-11D0-8D11-00A0C91BC942}") = "LinearProgramming", "LinearProgramming\LinearProgramming.vcxproj", "{64AB8C3E-4E8B-4D26-A703-D108C783918A}"
EndProject
Global
	GlobalSection(SolutionConfigurationPlatforms) = preSolution
		Debug|x64 = Debug|x64
		Debug|x86 = Debug|x86
		Release|x64 = Release|x64
		Release|x86 = Release|x86
	EndGlobalSection
	GlobalSection(ProjectConfigurationPlatforms) = postSolution
		{64AB8C3E-4E8B-4D26-A703-D108C783918A}.Debug|x64.ActiveCfg = Debug|x64
		{64AB8C3E-4E8B-4D26-A703-D108C783918A}.Debug|x64.Build.0 = Debug|x64
		{64AB8C3E-4E8B-4D26-A703-D108C783918A}.Debug|x86.ActiveCfg = Debug|Win32
		{64AB8C3E-4E8B-4D26-A703-D108C783918A}.Debug|x86.Build.0 = Debug|Win32
		{64AB8C3E-4E8B-4D26-A703-D108C783918A}.Release|x64.ActiveCfg = Release|x64
		{64AB8C3E-4E8B-4D26-A703-D108C783918A}.Release|x64.Build.0 = Release|x64
		{64AB8C3E-4E8B-4D26-A703-D108C783918A}.Release|x86.ActiveCfg = Release|Win32
		{64AB8C3E-4E8B-4D26-A703-D108C783918A}.Release|x86.Build.0 = Release|Win32
	EndGlobalSection
	GlobalSection(SolutionProperties) = preSolution
		HideSolutionNode = FALSE
	EndGlobalSection
	GlobalSection(ExtensibilityGlobals) = postSolution
		SolutionGuid = {D0C123E0-DD42-439C-868A-D9DEE05B1B97}
	EndGlobalSection
EndGlobal
